
Microsoft Visual Studio Solution File, Format Version 12.00
# Visual Studio Version 17
VisualStudioVersion = 17.9.34902.65
MinimumVisualStudioVersion = 10.0.40219.1
Project("{FAE04EC0-301F-11D3-BF4B-00C04F79EFBC}") = "WinFormsAppDEMO4", "WinFormsAppDEMO4\WinFormsAppDEMO4.csproj", "{16589914-9422-4E11-B71D-0273F722985B}"
EndProject
Global
	GlobalSection(SolutionConfigurationPlatforms) = preSolution
		Debug|Any CPU = Debug|Any CPU
		Release|Any CPU = Release|Any CPU
	EndGlobalSection
	GlobalSection(ProjectConfigurationPlatforms) = postSolution
		{16589914-9422-4E11-B71D-0273F722985B}.Debug|Any CPU.ActiveCfg = Debug|Any CPU
		{16589914-9422-4E11-B71D-0273F722985B}.Debug|Any CPU.Build.0 = Debug|Any CPU
		{16589914-9422-4E11-B71D-0273F722985B}.Release|Any CPU.ActiveCfg = Release|Any CPU
		{16589914-9422-4E11-B71D-0273F722985B}.Release|Any CPU.Build.0 = Release|Any CPU
	EndGlobalSection
	GlobalSection(SolutionProperties) = preSolution
		HideSolutionNode = FALSE
	EndGlobalSection
	GlobalSection(ExtensibilityGlobals) = postSolution
		SolutionGuid = {0906A28E-8B32-4E5F-A431-62F2A6B0B6D0}
	EndGlobalSection
EndGlobal
